// !$*UTF8*$!
{
	archiveVersion = 1;
	classes = {
	};
	objectVersion = 45;
	objects = {

/* Begin PBXBuildFile section */
		7F35FF4007F9ACD90056051D /* QSCore.framework in Frameworks */ = {isa = PBXBuildFile; fileRef = 7F35FF3C07F9ACD90056051D /* QSCore.framework */; };
		7F35FF4207F9ACD90056051D /* QSFoundation.framework in Frameworks */ = {isa = PBXBuildFile; fileRef = 7F35FF3E07F9ACD90056051D /* QSFoundation.framework */; };
		8618D1180D465B01003A880D /* girl_square.icns in Resources */ = {isa = PBXBuildFile; fileRef = 8618D1170D465B01003A880D /* girl_square.icns */; };
		8652FE830E796F150032DF52 /* TwitterPlugin.m in Sources */ = {isa = PBXBuildFile; fileRef = E1EAB045068128A200774DFF /* TwitterPlugin.m */; };
		8652FE990E7975570032DF52 /* TwitterPluginAction.m in Sources */ = {isa = PBXBuildFile; fileRef = BBF5817B0B1D9D84003CFF55 /* TwitterPluginAction.m */; };
		8652FEBD0E79E0F70032DF52 /* TwitterPluginSource.m in Sources */ = {isa = PBXBuildFile; fileRef = 8652FEBC0E79E0F70032DF52 /* TwitterPluginSource.m */; };
		8665E65B0E7B4EF400C527CE /* QSInterface.framework in Frameworks */ = {isa = PBXBuildFile; fileRef = 7FFA8E9D0816CCCA00A858CD /* QSInterface.framework */; };
		869C3FC60D0EF761005B7175 /* TwitterPrefPane.nib in Resources */ = {isa = PBXBuildFile; fileRef = 869C3FC50D0EF761005B7175 /* TwitterPrefPane.nib */; };
		869C3FCA0D0EF7C4005B7175 /* TwitterPrefPane.m in Sources */ = {isa = PBXBuildFile; fileRef = 869C3FC90D0EF7C4005B7175 /* TwitterPrefPane.m */; };
		8D1AC9700486D14A00FE50C9 /* Cocoa.framework in Frameworks */ = {isa = PBXBuildFile; fileRef = DD92D38A0106425D02CA0E72 /* Cocoa.framework */; };
		92ED6C6110724D35006DE47B /* Growl.framework in CopyFiles */ = {isa = PBXBuildFile; fileRef = 92ED6BCD10722BA9006DE47B /* Growl.framework */; };
		92ED6C8110724E72006DE47B /* Growl.framework in Frameworks */ = {isa = PBXBuildFile; fileRef = 92ED6BCD10722BA9006DE47B /* Growl.framework */; };
		92ED6CC21072521E006DE47B /* Growl Registration Ticket.growlRegDict in Resources */ = {isa = PBXBuildFile; fileRef = 92ED6CC11072521E006DE47B /* Growl Registration Ticket.growlRegDict */; };
		92ED6CC7107253C1006DE47B /* TwitterPluginGrowlHelper.m in Sources */ = {isa = PBXBuildFile; fileRef = 92ED6CC6107253C1006DE47B /* TwitterPluginGrowlHelper.m */; };
/* End PBXBuildFile section */

/* Begin PBXCopyFilesBuildPhase section */
		92ED6C1910724D11006DE47B /* CopyFiles */ = {
			isa = PBXCopyFilesBuildPhase;
			buildActionMask = 2147483647;
			dstPath = "";
			dstSubfolderSpec = 10;
			files = (
				92ED6C6110724D35006DE47B /* Growl.framework in CopyFiles */,
			);
			runOnlyForDeploymentPostprocessing = 0;
		};
/* End PBXCopyFilesBuildPhase section */

/* Begin PBXFileReference section */
		32DBCF980370C29C00C91783 /* TwitterPlugin_Prefix.pch */ = {isa = PBXFileReference; fileEncoding = 4; lastKnownFileType = sourcecode.c.h; path = TwitterPlugin_Prefix.pch; sourceTree = "<group>"; };
		7F35FF3C07F9ACD90056051D /* QSCore.framework */ = {isa = PBXFileReference; explicitFileType = wrapper.framework; name = QSCore.framework; path = /Applications/Quicksilver.app/Contents/Frameworks/QSCore.framework; sourceTree = "<absolute>"; };
		7F35FF3D07F9ACD90056051D /* QSEffects.framework */ = {isa = PBXFileReference; lastKnownFileType = wrapper.framework; name = QSEffects.framework; path = "/Users/mootoh/src/Mac/Quıcĸsıɩⅴεʀ-dev.app/Contents/Frameworks/QSEffects.framework"; sourceTree = "<absolute>"; };
		7F35FF3E07F9ACD90056051D /* QSFoundation.framework */ = {isa = PBXFileReference; lastKnownFileType = wrapper.framework; name = QSFoundation.framework; path = /Applications/Quicksilver.app/Contents/Frameworks/QSFoundation.framework; sourceTree = "<absolute>"; };
		7F35FF3F07F9ACD90056051D /* QSInterface.framework */ = {isa = PBXFileReference; lastKnownFileType = wrapper.framework; name = QSInterface.framework; path = "/Users/mootoh/src/Mac/Quıcĸsıɩⅴεʀ-dev.app/Contents/Frameworks/QSInterface.framework"; sourceTree = "<absolute>"; };
		7FFA8E9C0816CCCA00A858CD /* QSEffects.framework */ = {isa = PBXFileReference; lastKnownFileType = wrapper.framework; name = QSEffects.framework; path = "/Users/mootoh/src/Mac/Quıcĸsıɩⅴεʀ-dev.app/Contents/Frameworks/QSEffects.framework"; sourceTree = "<absolute>"; };
		7FFA8E9D0816CCCA00A858CD /* QSInterface.framework */ = {isa = PBXFileReference; lastKnownFileType = wrapper.framework; name = QSInterface.framework; path = /Applications/Quicksilver.app/Contents/Frameworks/QSInterface.framework; sourceTree = "<absolute>"; };
		8618D1170D465B01003A880D /* girl_square.icns */ = {isa = PBXFileReference; lastKnownFileType = image.icns; name = girl_square.icns; path = resource/girl_square.icns; sourceTree = "<group>"; };
		8652FEBB0E79E0F70032DF52 /* TwitterPluginSource.h */ = {isa = PBXFileReference; fileEncoding = 4; lastKnownFileType = sourcecode.c.h; path = TwitterPluginSource.h; sourceTree = "<group>"; };
		8652FEBC0E79E0F70032DF52 /* TwitterPluginSource.m */ = {isa = PBXFileReference; fileEncoding = 4; lastKnownFileType = sourcecode.c.objc; path = TwitterPluginSource.m; sourceTree = "<group>"; };
		869C3FC50D0EF761005B7175 /* TwitterPrefPane.nib */ = {isa = PBXFileReference; lastKnownFileType = wrapper.nib; path = TwitterPrefPane.nib; sourceTree = "<group>"; };
		869C3FC80D0EF7C4005B7175 /* TwitterPrefPane.h */ = {isa = PBXFileReference; fileEncoding = 4; lastKnownFileType = sourcecode.c.h; path = TwitterPrefPane.h; sourceTree = "<group>"; };
		869C3FC90D0EF7C4005B7175 /* TwitterPrefPane.m */ = {isa = PBXFileReference; fileEncoding = 4; lastKnownFileType = sourcecode.c.objc; path = TwitterPrefPane.m; sourceTree = "<group>"; };
		8D1AC9730486D14A00FE50C9 /* Info.plist */ = {isa = PBXFileReference; fileEncoding = 4; lastKnownFileType = text.plist; path = Info.plist; sourceTree = "<group>"; };
		8D1AC9740486D14A00FE50C9 /* TwitterPlugin.qsplugin */ = {isa = PBXFileReference; explicitFileType = wrapper.cfbundle; includeInIndex = 0; path = TwitterPlugin.qsplugin; sourceTree = BUILT_PRODUCTS_DIR; };
		92ED6BCD10722BA9006DE47B /* Growl.framework */ = {isa = PBXFileReference; explicitFileType = wrapper.framework; name = Growl.framework; path = Frameworks/Growl.framework; sourceTree = "<group>"; };
		92ED6CC11072521E006DE47B /* Growl Registration Ticket.growlRegDict */ = {isa = PBXFileReference; explicitFileType = text.plist; fileEncoding = 4; path = "Growl Registration Ticket.growlRegDict"; sourceTree = "<group>"; };
		92ED6CC5107253C1006DE47B /* TwitterPluginGrowlHelper.h */ = {isa = PBXFileReference; fileEncoding = 4; lastKnownFileType = sourcecode.c.h; path = TwitterPluginGrowlHelper.h; sourceTree = "<group>"; };
		92ED6CC6107253C1006DE47B /* TwitterPluginGrowlHelper.m */ = {isa = PBXFileReference; fileEncoding = 4; lastKnownFileType = sourcecode.c.objc; path = TwitterPluginGrowlHelper.m; sourceTree = "<group>"; };
		BBF5817A0B1D9D84003CFF55 /* TwitterPluginAction.h */ = {isa = PBXFileReference; fileEncoding = 4; lastKnownFileType = sourcecode.c.h; path = TwitterPluginAction.h; sourceTree = "<group>"; };
		BBF5817B0B1D9D84003CFF55 /* TwitterPluginAction.m */ = {isa = PBXFileReference; fileEncoding = 4; lastKnownFileType = sourcecode.c.objc; path = TwitterPluginAction.m; sourceTree = "<group>"; };
		DD92D38A0106425D02CA0E72 /* Cocoa.framework */ = {isa = PBXFileReference; lastKnownFileType = wrapper.framework; name = Cocoa.framework; path = /System/Library/Frameworks/Cocoa.framework; sourceTree = "<absolute>"; };
		E1EAB045068128A200774DFF /* TwitterPlugin.m */ = {isa = PBXFileReference; fileEncoding = 4; lastKnownFileType = sourcecode.c.objc; path = TwitterPlugin.m; sourceTree = "<group>"; };
		E1EAB047068128A800774DFF /* TwitterPlugin.h */ = {isa = PBXFileReference; fileEncoding = 30; lastKnownFileType = sourcecode.c.h; path = TwitterPlugin.h; sourceTree = "<group>"; };
/* End PBXFileReference section */

/* Begin PBXFrameworksBuildPhase section */
		8D1AC96E0486D14A00FE50C9 /* Frameworks */ = {
			isa = PBXFrameworksBuildPhase;
			buildActionMask = 2147483647;
			files = (
				8D1AC9700486D14A00FE50C9 /* Cocoa.framework in Frameworks */,
				7F35FF4007F9ACD90056051D /* QSCore.framework in Frameworks */,
				7F35FF4207F9ACD90056051D /* QSFoundation.framework in Frameworks */,
				8665E65B0E7B4EF400C527CE /* QSInterface.framework in Frameworks */,
				92ED6C8110724E72006DE47B /* Growl.framework in Frameworks */,
			);
			runOnlyForDeploymentPostprocessing = 0;
		};
/* End PBXFrameworksBuildPhase section */

/* Begin PBXGroup section */
		0259C574FE90428111CA0C5A /* TwitterPlugin */ = {
			isa = PBXGroup;
			children = (
				32DBCF9E0370C38000C91783 /* Classes */,
				32DBCF9F0370C38200C91783 /* Other Sources */,
				0259C582FE90428111CA0C5A /* Resources */,
				1ED78706FE9D4A0611CA0C5A /* Products */,
				2E58F364FFB232C311CA0CBA /* Frameworks */,
			);
			name = TwitterPlugin;
			sourceTree = "<group>";
		};
		0259C582FE90428111CA0C5A /* Resources */ = {
			isa = PBXGroup;
			children = (
				8618D1170D465B01003A880D /* girl_square.icns */,
				8D1AC9730486D14A00FE50C9 /* Info.plist */,
				92ED6CC11072521E006DE47B /* Growl Registration Ticket.growlRegDict */,
			);
			name = Resources;
			sourceTree = "<group>";
		};
		1ED78706FE9D4A0611CA0C5A /* Products */ = {
			isa = PBXGroup;
			children = (
				869C3FC50D0EF761005B7175 /* TwitterPrefPane.nib */,
				8D1AC9740486D14A00FE50C9 /* TwitterPlugin.qsplugin */,
			);
			name = Products;
			sourceTree = "<group>";
		};
		2E58F364FFB232C311CA0CBA /* Frameworks */ = {
			isa = PBXGroup;
			children = (
				DD92D38A0106425D02CA0E72 /* Cocoa.framework */,
				7F35FF3C07F9ACD90056051D /* QSCore.framework */,
				7F35FF3E07F9ACD90056051D /* QSFoundation.framework */,
				7FFA8E9C0816CCCA00A858CD /* QSEffects.framework */,
				7FFA8E9D0816CCCA00A858CD /* QSInterface.framework */,
				92ED6BCD10722BA9006DE47B /* Growl.framework */,
				7F35FF3D07F9ACD90056051D /* QSEffects.framework */,
				7F35FF3F07F9ACD90056051D /* QSInterface.framework */,
			);
			name = Frameworks;
			sourceTree = "<group>";
		};
		32DBCF9E0370C38000C91783 /* Classes */ = {
			isa = PBXGroup;
			children = (
				8652FEBB0E79E0F70032DF52 /* TwitterPluginSource.h */,
				8652FEBC0E79E0F70032DF52 /* TwitterPluginSource.m */,
				BBF5817A0B1D9D84003CFF55 /* TwitterPluginAction.h */,
				BBF5817B0B1D9D84003CFF55 /* TwitterPluginAction.m */,
				E1EAB047068128A800774DFF /* TwitterPlugin.h */,
				E1EAB045068128A200774DFF /* TwitterPlugin.m */,
				869C3FC80D0EF7C4005B7175 /* TwitterPrefPane.h */,
				869C3FC90D0EF7C4005B7175 /* TwitterPrefPane.m */,
				92ED6CC5107253C1006DE47B /* TwitterPluginGrowlHelper.h */,
				92ED6CC6107253C1006DE47B /* TwitterPluginGrowlHelper.m */,
			);
			name = Classes;
			sourceTree = "<group>";
		};
		32DBCF9F0370C38200C91783 /* Other Sources */ = {
			isa = PBXGroup;
			children = (
				32DBCF980370C29C00C91783 /* TwitterPlugin_Prefix.pch */,
			);
			name = "Other Sources";
			sourceTree = "<group>";
		};
/* End PBXGroup section */

/* Begin PBXNativeTarget section */
		8D1AC9600486D14A00FE50C9 /* TwitterPlugin */ = {
			isa = PBXNativeTarget;
			buildConfigurationList = 7F6B3EEB085CE8DF000735A8 /* Build configuration list for PBXNativeTarget "TwitterPlugin" */;
			buildPhases = (
				8D1AC9660486D14A00FE50C9 /* Resources */,
				92ED6C1910724D11006DE47B /* CopyFiles */,
				8D1AC96A0486D14A00FE50C9 /* Sources */,
				8D1AC96E0486D14A00FE50C9 /* Frameworks */,
			);
			buildRules = (
			);
			dependencies = (
			);
			name = TwitterPlugin;
			productInstallPath = "$(HOME)/Developer/Palettes";
			productName = TwitterPlugin;
			productReference = 8D1AC9740486D14A00FE50C9 /* TwitterPlugin.qsplugin */;
			productType = "com.apple.product-type.bundle";
		};
/* End PBXNativeTarget section */

/* Begin PBXProject section */
		0259C573FE90428111CA0C5A /* Project object */ = {
			isa = PBXProject;
			buildConfigurationList = 7F6B3EEF085CE8DF000735A8 /* Build configuration list for PBXProject "TwitterPlugin" */;
			compatibilityVersion = "Xcode 3.1";
			hasScannedForEncodings = 1;
			mainGroup = 0259C574FE90428111CA0C5A /* TwitterPlugin */;
			projectDirPath = "";
			projectRoot = "";
			targets = (
				8D1AC9600486D14A00FE50C9 /* TwitterPlugin */,
			);
		};
/* End PBXProject section */

/* Begin PBXResourcesBuildPhase section */
		8D1AC9660486D14A00FE50C9 /* Resources */ = {
			isa = PBXResourcesBuildPhase;
			buildActionMask = 2147483647;
			files = (
				869C3FC60D0EF761005B7175 /* TwitterPrefPane.nib in Resources */,
				8618D1180D465B01003A880D /* girl_square.icns in Resources */,
				92ED6CC21072521E006DE47B /* Growl Registration Ticket.growlRegDict in Resources */,
			);
			runOnlyForDeploymentPostprocessing = 0;
		};
/* End PBXResourcesBuildPhase section */

/* Begin PBXSourcesBuildPhase section */
		8D1AC96A0486D14A00FE50C9 /* Sources */ = {
			isa = PBXSourcesBuildPhase;
			buildActionMask = 2147483647;
			files = (
				869C3FCA0D0EF7C4005B7175 /* TwitterPrefPane.m in Sources */,
				8652FE830E796F150032DF52 /* TwitterPlugin.m in Sources */,
				8652FE990E7975570032DF52 /* TwitterPluginAction.m in Sources */,
				8652FEBD0E79E0F70032DF52 /* TwitterPluginSource.m in Sources */,
				92ED6CC7107253C1006DE47B /* TwitterPluginGrowlHelper.m in Sources */,
			);
			runOnlyForDeploymentPostprocessing = 0;
		};
/* End PBXSourcesBuildPhase section */

/* Begin XCBuildConfiguration section */
		7F6B3EEC085CE8DF000735A8 /* Development */ = {
			isa = XCBuildConfiguration;
			buildSettings = {
				COPY_PHASE_STRIP = NO;
				FRAMEWORK_SEARCH_PATHS = (
					/Applications/Quicksilver.app/Contents/Frameworks,
					"\"$(SRCROOT)/Frameworks\"",
				);
				GCC_DYNAMIC_NO_PIC = NO;
				GCC_ENABLE_FIX_AND_CONTINUE = YES;
				GCC_GENERATE_DEBUGGING_SYMBOLS = YES;
				GCC_OPTIMIZATION_LEVEL = 0;
				GCC_PRECOMPILE_PREFIX_HEADER = YES;
				GCC_PREFIX_HEADER = TwitterPlugin_Prefix.pch;
				INFOPLIST_FILE = Info.plist;
				LD_RUNPATH_SEARCH_PATHS = "@loader_path/../Resources";
				OTHER_LDFLAGS = "-bundle";
				PRODUCT_NAME = TwitterPlugin;
				WRAPPER_EXTENSION = qsplugin;
				ZERO_LINK = YES;
			};
			name = Development;
		};
		7F6B3EED085CE8DF000735A8 /* Release */ = {
			isa = XCBuildConfiguration;
			buildSettings = {
				COPY_PHASE_STRIP = YES;
				FRAMEWORK_SEARCH_PATHS = (
					/Applications/Quicksilver.app/Contents/Frameworks,
					"\"$(SRCROOT)/Frameworks\"",
				);
				GCC_ENABLE_FIX_AND_CONTINUE = NO;
				GCC_GENERATE_DEBUGGING_SYMBOLS = NO;
				GCC_PRECOMPILE_PREFIX_HEADER = YES;
				GCC_PREFIX_HEADER = TwitterPlugin_Prefix.pch;
				INFOPLIST_FILE = Info.plist;
				OTHER_LDFLAGS = "-bundle";
				PRODUCT_NAME = TwitterPlugin;
				WRAPPER_EXTENSION = qsplugin;
				ZERO_LINK = NO;
			};
			name = Release;
		};
		7F6B3EF0085CE8DF000735A8 /* Development */ = {
			isa = XCBuildConfiguration;
			buildSettings = {
				FRAMEWORK_SEARCH_PATHS = "";
				GCC_C_LANGUAGE_STANDARD = c99;
				GCC_VERSION = com.apple.compilers.llvm.clang.1_0;
				HEADER_SEARCH_PATHS = "";
				MACOSX_DEPLOYMENT_TARGET = 10.5;
				SDKROOT = macosx10.5;
			};
			name = Development;
		};
		7F6B3EF1085CE8DF000735A8 /* Release */ = {
			isa = XCBuildConfiguration;
			buildSettings = {
				ARCHS = (
					ppc,
					i386,
				);
				FRAMEWORK_SEARCH_PATHS = "";
				GCC_C_LANGUAGE_STANDARD = c99;
				GCC_MODEL_TUNING = G5;
				GCC_VERSION = 4.2;
				MACOSX_DEPLOYMENT_TARGET = 10.5;
				SDKROOT = macosx10.5;
			};
			name = Release;
		};
/* End XCBuildConfiguration section */

/* Begin XCConfigurationList section */
		7F6B3EEB085CE8DF000735A8 /* Build configuration list for PBXNativeTarget "TwitterPlugin" */ = {
			isa = XCConfigurationList;
			buildConfigurations = (
				7F6B3EEC085CE8DF000735A8 /* Development */,
				7F6B3EED085CE8DF000735A8 /* Release */,
			);
			defaultConfigurationIsVisible = 0;
			defaultConfigurationName = Release;
		};
		7F6B3EEF085CE8DF000735A8 /* Build configuration list for PBXProject "TwitterPlugin" */ = {
			isa = XCConfigurationList;
			buildConfigurations = (
				7F6B3EF0085CE8DF000735A8 /* Development */,
				7F6B3EF1085CE8DF000735A8 /* Release */,
			);
			defaultConfigurationIsVisible = 0;
			defaultConfigurationName = Release;
		};
/* End XCConfigurationList section */
	};
	rootObject = 0259C573FE90428111CA0C5A /* Project object */;
}
